// !$*UTF8*$!
{
	archiveVersion = 1;
	classes = {
	};
	objectVersion = 46;
	objects = {

/* Begin PBXBuildFile section */
		C80797001B006A280015189C /* icon58x58.png in Resources */ = {isa = PBXBuildFile; fileRef = C80796FD1B006A280015189C /* icon58x58.png */; };
		C8274EC61B2966D600545FBE /* Storyboard.storyboard in Resources */ = {isa = PBXBuildFile; fileRef = C8274EC51B2966D600545FBE /* Storyboard.storyboard */; };
		C8274EC81B29681E00545FBE /* MailACT.png in Resources */ = {isa = PBXBuildFile; fileRef = C8274EC71B29681E00545FBE /* MailACT.png */; };
		C8274ECD1B298D9700545FBE /* SplashScn320*480.png in Resources */ = {isa = PBXBuildFile; fileRef = C8274EC91B298D9700545FBE /* SplashScn320*480.png */; };
		C8274ECE1B298D9700545FBE /* SplashScn640*960.png in Resources */ = {isa = PBXBuildFile; fileRef = C8274ECA1B298D9700545FBE /* SplashScn640*960.png */; };
		C8274ECF1B298D9700545FBE /* SplashScn750*1334.png in Resources */ = {isa = PBXBuildFile; fileRef = C8274ECB1B298D9700545FBE /* SplashScn750*1334.png */; };
		C8274ED01B298D9700545FBE /* SplashScn1242*2208.png in Resources */ = {isa = PBXBuildFile; fileRef = C8274ECC1B298D9700545FBE /* SplashScn1242*2208.png */; };
		C83EB5321A3709340048941B /* main.m in Sources */ = {isa = PBXBuildFile; fileRef = C83EB5311A3709340048941B /* main.m */; };
		C83EB5351A3709340048941B /* AppDelegate.m in Sources */ = {isa = PBXBuildFile; fileRef = C83EB5341A3709340048941B /* AppDelegate.m */; };
		C83EB5381A3709340048941B /* ViewController.m in Sources */ = {isa = PBXBuildFile; fileRef = C83EB5371A3709340048941B /* ViewController.m */; };
		C83EB53B1A3709340048941B /* Main.storyboard in Resources */ = {isa = PBXBuildFile; fileRef = C83EB5391A3709340048941B /* Main.storyboard */; };
		C83EB54C1A3709340048941B /* DosageCalculatorTests.m in Sources */ = {isa = PBXBuildFile; fileRef = C83EB54B1A3709340048941B /* DosageCalculatorTests.m */; };
		C83EB5561A370A440048941B /* arrow-down.png in Resources */ = {isa = PBXBuildFile; fileRef = C83EB5551A370A440048941B /* arrow-down.png */; };
		C83EB5631A370AAF0048941B /* DosageuserMatchlist.m in Sources */ = {isa = PBXBuildFile; fileRef = C83EB5621A370AAF0048941B /* DosageuserMatchlist.m */; };
		C8939D751B04A3DC003A69D6 /* SplashScn.png in Resources */ = {isa = PBXBuildFile; fileRef = C8939D741B04A3DC003A69D6 /* SplashScn.png */; };
		C898DAF41A4144F00035315A /* DosageValue.m in Sources */ = {isa = PBXBuildFile; fileRef = C898DAF31A4144F00035315A /* DosageValue.m */; };
		C898DB191A4182010035315A /* Images-4.xcassets in Resources */ = {isa = PBXBuildFile; fileRef = C898DB181A4182010035315A /* Images-4.xcassets */; };
		C89B999B1A6F7607000632ED /* ActivationClass.m in Sources */ = {isa = PBXBuildFile; fileRef = C89B999A1A6F7607000632ED /* ActivationClass.m */; };
		C89CBDF41A43FBD900999D13 /* Registration.m in Sources */ = {isa = PBXBuildFile; fileRef = C89CBDF31A43FBD900999D13 /* Registration.m */; };
		C89CBDFE1A442C7200999D13 /* AVFoundation.framework in Frameworks */ = {isa = PBXBuildFile; fileRef = C89CBDFD1A442C7200999D13 /* AVFoundation.framework */; };
		C89CBE001A442C8000999D13 /* Foundation.framework in Frameworks */ = {isa = PBXBuildFile; fileRef = C89CBDFF1A442C8000999D13 /* Foundation.framework */; };
		C89CBE021A442C9500999D13 /* CFNetwork.framework in Frameworks */ = {isa = PBXBuildFile; fileRef = C89CBE011A442C9500999D13 /* CFNetwork.framework */; };
		C89CBE041A442C9E00999D13 /* CoreTelephony.framework in Frameworks */ = {isa = PBXBuildFile; fileRef = C89CBE031A442C9E00999D13 /* CoreTelephony.framework */; };
		C89CBE061A442CAA00999D13 /* SystemConfiguration.framework in Frameworks */ = {isa = PBXBuildFile; fileRef = C89CBE051A442CAA00999D13 /* SystemConfiguration.framework */; };
		C89CBE081A442CB400999D13 /* CoreFoundation.framework in Frameworks */ = {isa = PBXBuildFile; fileRef = C89CBE071A442CB400999D13 /* CoreFoundation.framework */; };
		C8B742341AFB66540026FACD /* txt.png in Resources */ = {isa = PBXBuildFile; fileRef = C8B742331AFB66540026FACD /* txt.png */; };
		C8B742381AFB67300026FACD /* Donebtn.png in Resources */ = {isa = PBXBuildFile; fileRef = C8B742371AFB672F0026FACD /* Donebtn.png */; };
		C8B742441AFB71060026FACD /* Btnback.png in Resources */ = {isa = PBXBuildFile; fileRef = C8B742411AFB71060026FACD /* Btnback.png */; };
		C8B742451AFB71060026FACD /* BtnCalDosg.png in Resources */ = {isa = PBXBuildFile; fileRef = C8B742421AFB71060026FACD /* BtnCalDosg.png */; };
		C8B742461AFB71060026FACD /* BtnRecal.png in Resources */ = {isa = PBXBuildFile; fileRef = C8B742431AFB71060026FACD /* BtnRecal.png */; };
		C8B7424A1AFB755D0026FACD /* DOSAGE.jpg in Resources */ = {isa = PBXBuildFile; fileRef = C8B742491AFB755D0026FACD /* DOSAGE.jpg */; };
		C8B7424E1AFB870F0026FACD /* arrowdown.png in Resources */ = {isa = PBXBuildFile; fileRef = C8B7424D1AFB870F0026FACD /* arrowdown.png */; };
		C8D467AC1B299E2400080DD2 /* MainStoryboard.storyboard in Resources */ = {isa = PBXBuildFile; fileRef = C8D467AB1B299E2400080DD2 /* MainStoryboard.storyboard */; };
		C8D467AE1B29A11300080DD2 /* Backgroud375*667.png in Resources */ = {isa = PBXBuildFile; fileRef = C8D467AD1B29A11200080DD2 /* Backgroud375*667.png */; };
		C8FE99571A42CDE100FAA68B /* Btncalamonex.png in Resources */ = {isa = PBXBuildFile; fileRef = C8FE99561A42CDE100FAA68B /* Btncalamonex.png */; };
		FA358D6C1B00D7DD00D675DA /* icon80x80.png in Resources */ = {isa = PBXBuildFile; fileRef = FA358D6A1B00D7DD00D675DA /* icon80x80.png */; };
		FA358D6D1B00D7DD00D675DA /* icon120x120.png in Resources */ = {isa = PBXBuildFile; fileRef = FA358D6B1B00D7DD00D675DA /* icon120x120.png */; };
		FA358D6F1B00D98300D675DA /* Backgroud.png in Resources */ = {isa = PBXBuildFile; fileRef = FA358D6E1B00D98300D675DA /* Backgroud.png */; };
		FA358D711B00DA6200D675DA /* bg.png in Resources */ = {isa = PBXBuildFile; fileRef = FA358D701B00DA6200D675DA /* bg.png */; };
		FA358D7A1B00E7F300D675DA /* Launch Screen.xib in Resources */ = {isa = PBXBuildFile; fileRef = FA358D791B00E7F300D675DA /* Launch Screen.xib */; };
/* End PBXBuildFile section */

/* Begin PBXContainerItemProxy section */
		C83EB5461A3709340048941B /* PBXContainerItemProxy */ = {
			isa = PBXContainerItemProxy;
			containerPortal = C83EB5241A3709340048941B /* Project object */;
			proxyType = 1;
			remoteGlobalIDString = C83EB52B1A3709340048941B;
			remoteInfo = DosageCalculator;
		};
/* End PBXContainerItemProxy section */

/* Begin PBXFileReference section */
		C80796FD1B006A280015189C /* icon58x58.png */ = {isa = PBXFileReference; lastKnownFileType = image.png; path = icon58x58.png; sourceTree = "<group>"; };
		C8274EC51B2966D600545FBE /* Storyboard.storyboard */ = {isa = PBXFileReference; fileEncoding = 4; lastKnownFileType = file.storyboard; path = Storyboard.storyboard; sourceTree = "<group>"; };
		C8274EC71B29681E00545FBE /* MailACT.png */ = {isa = PBXFileReference; lastKnownFileType = image.png; path = MailACT.png; sourceTree = "<group>"; };
		C8274EC91B298D9700545FBE /* SplashScn320*480.png */ = {isa = PBXFileReference; lastKnownFileType = image.png; path = "SplashScn320*480.png"; sourceTree = "<group>"; };
		C8274ECA1B298D9700545FBE /* SplashScn640*960.png */ = {isa = PBXFileReference; lastKnownFileType = image.png; path = "SplashScn640*960.png"; sourceTree = "<group>"; };
		C8274ECB1B298D9700545FBE /* SplashScn750*1334.png */ = {isa = PBXFileReference; lastKnownFileType = image.png; path = "SplashScn750*1334.png"; sourceTree = "<group>"; };
		C8274ECC1B298D9700545FBE /* SplashScn1242*2208.png */ = {isa = PBXFileReference; lastKnownFileType = image.png; path = "SplashScn1242*2208.png"; sourceTree = "<group>"; };
		C83EB52C1A3709340048941B /* DosageCalculator.app */ = {isa = PBXFileReference; explicitFileType = wrapper.application; includeInIndex = 0; path = DosageCalculator.app; sourceTree = BUILT_PRODUCTS_DIR; };
		C83EB5301A3709340048941B /* Info.plist */ = {isa = PBXFileReference; lastKnownFileType = text.plist.xml; path = Info.plist; sourceTree = "<group>"; };
		C83EB5311A3709340048941B /* main.m */ = {isa = PBXFileReference; lastKnownFileType = sourcecode.c.objc; path = main.m; sourceTree = "<group>"; };
		C83EB5331A3709340048941B /* AppDelegate.h */ = {isa = PBXFileReference; lastKnownFileType = sourcecode.c.h; path = AppDelegate.h; sourceTree = "<group>"; };
		C83EB5341A3709340048941B /* AppDelegate.m */ = {isa = PBXFileReference; lastKnownFileType = sourcecode.c.objc; path = AppDelegate.m; sourceTree = "<group>"; };
		C83EB5361A3709340048941B /* ViewController.h */ = {isa = PBXFileReference; lastKnownFileType = sourcecode.c.h; path = ViewController.h; sourceTree = "<group>"; };
		C83EB5371A3709340048941B /* ViewController.m */ = {isa = PBXFileReference; lastKnownFileType = sourcecode.c.objc; path = ViewController.m; sourceTree = "<group>"; };
		C83EB53A1A3709340048941B /* Base */ = {isa = PBXFileReference; lastKnownFileType = file.storyboard; name = Base; path = Base.lproj/Main.storyboard; sourceTree = "<group>"; };
		C83EB5451A3709340048941B /* DosageCalculatorTests.xctest */ = {isa = PBXFileReference; explicitFileType = wrapper.cfbundle; includeInIndex = 0; path = DosageCalculatorTests.xctest; sourceTree = BUILT_PRODUCTS_DIR; };
		C83EB54A1A3709340048941B /* Info.plist */ = {isa = PBXFileReference; lastKnownFileType = text.plist.xml; path = Info.plist; sourceTree = "<group>"; };
		C83EB54B1A3709340048941B /* DosageCalculatorTests.m */ = {isa = PBXFileReference; lastKnownFileType = sourcecode.c.objc; path = DosageCalculatorTests.m; sourceTree = "<group>"; };
		C83EB5551A370A440048941B /* arrow-down.png */ = {isa = PBXFileReference; lastKnownFileType = image.png; path = "arrow-down.png"; sourceTree = "<group>"; };
		C83EB5611A370AAA0048941B /* DosageuserMatchlist.h */ = {isa = PBXFileReference; fileEncoding = 4; lastKnownFileType = sourcecode.c.h; path = DosageuserMatchlist.h; sourceTree = "<group>"; };
		C83EB5621A370AAF0048941B /* DosageuserMatchlist.m */ = {isa = PBXFileReference; fileEncoding = 4; lastKnownFileType = sourcecode.c.objc; path = DosageuserMatchlist.m; sourceTree = "<group>"; };
		C8939D741B04A3DC003A69D6 /* SplashScn.png */ = {isa = PBXFileReference; lastKnownFileType = image.png; path = SplashScn.png; sourceTree = "<group>"; };
		C898DAF21A4144F00035315A /* DosageValue.h */ = {isa = PBXFileReference; fileEncoding = 4; lastKnownFileType = sourcecode.c.h; path = DosageValue.h; sourceTree = "<group>"; };
		C898DAF31A4144F00035315A /* DosageValue.m */ = {isa = PBXFileReference; fileEncoding = 4; lastKnownFileType = sourcecode.c.objc; path = DosageValue.m; sourceTree = "<group>"; };
		C898DB181A4182010035315A /* Images-4.xcassets */ = {isa = PBXFileReference; lastKnownFileType = folder.assetcatalog; path = "Images-4.xcassets"; sourceTree = "<group>"; };
		C89B99991A6F7607000632ED /* ActivationClass.h */ = {isa = PBXFileReference; fileEncoding = 4; lastKnownFileType = sourcecode.c.h; path = ActivationClass.h; sourceTree = "<group>"; };
		C89B999A1A6F7607000632ED /* ActivationClass.m */ = {isa = PBXFileReference; fileEncoding = 4; lastKnownFileType = sourcecode.c.objc; path = ActivationClass.m; sourceTree = "<group>"; };
		C89CBDF21A43FBD900999D13 /* Registration.h */ = {isa = PBXFileReference; fileEncoding = 4; lastKnownFileType = sourcecode.c.h; path = Registration.h; sourceTree = "<group>"; };
		C89CBDF31A43FBD900999D13 /* Registration.m */ = {isa = PBXFileReference; fileEncoding = 4; lastKnownFileType = sourcecode.c.objc; path = Registration.m; sourceTree = "<group>"; };
		C89CBDFD1A442C7200999D13 /* AVFoundation.framework */ = {isa = PBXFileReference; lastKnownFileType = wrapper.framework; name = AVFoundation.framework; path = System/Library/Frameworks/AVFoundation.framework; sourceTree = SDKROOT; };
		C89CBDFF1A442C8000999D13 /* Foundation.framework */ = {isa = PBXFileReference; lastKnownFileType = wrapper.framework; name = Foundation.framework; path = System/Library/Frameworks/Foundation.framework; sourceTree = SDKROOT; };
		C89CBE011A442C9500999D13 /* CFNetwork.framework */ = {isa = PBXFileReference; lastKnownFileType = wrapper.framework; name = CFNetwork.framework; path = System/Library/Frameworks/CFNetwork.framework; sourceTree = SDKROOT; };
		C89CBE031A442C9E00999D13 /* CoreTelephony.framework */ = {isa = PBXFileReference; lastKnownFileType = wrapper.framework; name = CoreTelephony.framework; path = System/Library/Frameworks/CoreTelephony.framework; sourceTree = SDKROOT; };
		C89CBE051A442CAA00999D13 /* SystemConfiguration.framework */ = {isa = PBXFileReference; lastKnownFileType = wrapper.framework; name = SystemConfiguration.framework; path = System/Library/Frameworks/SystemConfiguration.framework; sourceTree = SDKROOT; };
		C89CBE071A442CB400999D13 /* CoreFoundation.framework */ = {isa = PBXFileReference; lastKnownFileType = wrapper.framework; name = CoreFoundation.framework; path = System/Library/Frameworks/CoreFoundation.framework; sourceTree = SDKROOT; };
		C8B742331AFB66540026FACD /* txt.png */ = {isa = PBXFileReference; lastKnownFileType = image.png; path = txt.png; sourceTree = "<group>"; };
		C8B742371AFB672F0026FACD /* Donebtn.png */ = {isa = PBXFileReference; lastKnownFileType = image.png; path = Donebtn.png; sourceTree = "<group>"; };
		C8B742411AFB71060026FACD /* Btnback.png */ = {isa = PBXFileReference; lastKnownFileType = image.png; path = Btnback.png; sourceTree = "<group>"; };
		C8B742421AFB71060026FACD /* BtnCalDosg.png */ = {isa = PBXFileReference; lastKnownFileType = image.png; path = BtnCalDosg.png; sourceTree = "<group>"; };
		C8B742431AFB71060026FACD /* BtnRecal.png */ = {isa = PBXFileReference; lastKnownFileType = image.png; path = BtnRecal.png; sourceTree = "<group>"; };
		C8B742491AFB755D0026FACD /* DOSAGE.jpg */ = {isa = PBXFileReference; lastKnownFileType = image.jpeg; path = DOSAGE.jpg; sourceTree = "<group>"; };
		C8B7424D1AFB870F0026FACD /* arrowdown.png */ = {isa = PBXFileReference; lastKnownFileType = image.png; path = arrowdown.png; sourceTree = "<group>"; };
		C8D467AB1B299E2400080DD2 /* MainStoryboard.storyboard */ = {isa = PBXFileReference; fileEncoding = 4; lastKnownFileType = file.storyboard; path = MainStoryboard.storyboard; sourceTree = "<group>"; };
		C8D467AD1B29A11200080DD2 /* Backgroud375*667.png */ = {isa = PBXFileReference; lastKnownFileType = image.png; path = "Backgroud375*667.png"; sourceTree = "<group>"; };
		C8FE99561A42CDE100FAA68B /* Btncalamonex.png */ = {isa = PBXFileReference; lastKnownFileType = image.png; path = Btncalamonex.png; sourceTree = "<group>"; };
		FA358D6A1B00D7DD00D675DA /* icon80x80.png */ = {isa = PBXFileReference; lastKnownFileType = image.png; path = icon80x80.png; sourceTree = "<group>"; };
		FA358D6B1B00D7DD00D675DA /* icon120x120.png */ = {isa = PBXFileReference; lastKnownFileType = image.png; path = icon120x120.png; sourceTree = "<group>"; };
		FA358D6E1B00D98300D675DA /* Backgroud.png */ = {isa = PBXFileReference; lastKnownFileType = image.png; path = Backgroud.png; sourceTree = "<group>"; };
		FA358D701B00DA6200D675DA /* bg.png */ = {isa = PBXFileReference; lastKnownFileType = image.png; path = bg.png; sourceTree = "<group>"; };
		FA358D791B00E7F300D675DA /* Launch Screen.xib */ = {isa = PBXFileReference; fileEncoding = 4; lastKnownFileType = file.xib; path = "Launch Screen.xib"; sourceTree = "<group>"; };
/* End PBXFileReference section */

/* Begin PBXFrameworksBuildPhase section */
		C83EB5291A3709340048941B /* Frameworks */ = {
			isa = PBXFrameworksBuildPhase;
			buildActionMask = 2147483647;
			files = (
				C89CBE081A442CB400999D13 /* CoreFoundation.framework in Frameworks */,
				C89CBE061A442CAA00999D13 /* SystemConfiguration.framework in Frameworks */,
				C89CBE041A442C9E00999D13 /* CoreTelephony.framework in Frameworks */,
				C89CBE021A442C9500999D13 /* CFNetwork.framework in Frameworks */,
				C89CBE001A442C8000999D13 /* Foundation.framework in Frameworks */,
				C89CBDFE1A442C7200999D13 /* AVFoundation.framework in Frameworks */,
			);
			runOnlyForDeploymentPostprocessing = 0;
		};
		C83EB5421A3709340048941B /* Frameworks */ = {
			isa = PBXFrameworksBuildPhase;
			buildActionMask = 2147483647;
			files = (
			);
			runOnlyForDeploymentPostprocessing = 0;
		};
/* End PBXFrameworksBuildPhase section */

/* Begin PBXGroup section */
		C83EB5231A3709340048941B = {
			isa = PBXGroup;
			children = (
				C89CBE071A442CB400999D13 /* CoreFoundation.framework */,
				C89CBE051A442CAA00999D13 /* SystemConfiguration.framework */,
				C89CBE031A442C9E00999D13 /* CoreTelephony.framework */,
				C89CBE011A442C9500999D13 /* CFNetwork.framework */,
				C89CBDFF1A442C8000999D13 /* Foundation.framework */,
				C89CBDFD1A442C7200999D13 /* AVFoundation.framework */,
				C83EB5551A370A440048941B /* arrow-down.png */,
				C83EB52E1A3709340048941B /* DosageCalculator */,
				C83EB5481A3709340048941B /* DosageCalculatorTests */,
				C83EB52D1A3709340048941B /* Products */,
			);
			sourceTree = "<group>";
		};
		C83EB52D1A3709340048941B /* Products */ = {
			isa = PBXGroup;
			children = (
				C83EB52C1A3709340048941B /* DosageCalculator.app */,
				C83EB5451A3709340048941B /* DosageCalculatorTests.xctest */,
			);
			name = Products;
			sourceTree = "<group>";
		};
		C83EB52E1A3709340048941B /* DosageCalculator */ = {
			isa = PBXGroup;
			children = (
				C83EB5331A3709340048941B /* AppDelegate.h */,
				C83EB5341A3709340048941B /* AppDelegate.m */,
				FA358D791B00E7F300D675DA /* Launch Screen.xib */,
				C83EB5361A3709340048941B /* ViewController.h */,
				C83EB5371A3709340048941B /* ViewController.m */,
				C83EB5391A3709340048941B /* Main.storyboard */,
				C8274EC51B2966D600545FBE /* Storyboard.storyboard */,
				C8D467AB1B299E2400080DD2 /* MainStoryboard.storyboard */,
				C83EB5611A370AAA0048941B /* DosageuserMatchlist.h */,
				C83EB5621A370AAF0048941B /* DosageuserMatchlist.m */,
				C898DAF21A4144F00035315A /* DosageValue.h */,
				C898DAF31A4144F00035315A /* DosageValue.m */,
				C89CBDF21A43FBD900999D13 /* Registration.h */,
				C89CBDF31A43FBD900999D13 /* Registration.m */,
				C89B99991A6F7607000632ED /* ActivationClass.h */,
				C89B999A1A6F7607000632ED /* ActivationClass.m */,
				C898DB001A41651E0035315A /* images */,
				C898DB181A4182010035315A /* Images-4.xcassets */,
				C83EB52F1A3709340048941B /* Supporting Files */,
			);
			path = DosageCalculator;
			sourceTree = "<group>";
		};
		C83EB52F1A3709340048941B /* Supporting Files */ = {
			isa = PBXGroup;
			children = (
				C83EB5301A3709340048941B /* Info.plist */,
				C83EB5311A3709340048941B /* main.m */,
			);
			name = "Supporting Files";
			sourceTree = "<group>";
		};
		C83EB5481A3709340048941B /* DosageCalculatorTests */ = {
			isa = PBXGroup;
			children = (
				C83EB54B1A3709340048941B /* DosageCalculatorTests.m */,
				C83EB5491A3709340048941B /* Supporting Files */,
			);
			path = DosageCalculatorTests;
			sourceTree = "<group>";
		};
		C83EB5491A3709340048941B /* Supporting Files */ = {
			isa = PBXGroup;
			children = (
				C83EB54A1A3709340048941B /* Info.plist */,
			);
			name = "Supporting Files";
			sourceTree = "<group>";
		};
		C898DB001A41651E0035315A /* images */ = {
			isa = PBXGroup;
			children = (
				C8D467AD1B29A11200080DD2 /* Backgroud375*667.png */,
				C8274EC91B298D9700545FBE /* SplashScn320*480.png */,
				C8274ECA1B298D9700545FBE /* SplashScn640*960.png */,
				C8274ECB1B298D9700545FBE /* SplashScn750*1334.png */,
				C8274ECC1B298D9700545FBE /* SplashScn1242*2208.png */,
				C8274EC71B29681E00545FBE /* MailACT.png */,
				C8939D741B04A3DC003A69D6 /* SplashScn.png */,
				FA358D701B00DA6200D675DA /* bg.png */,
				FA358D6E1B00D98300D675DA /* Backgroud.png */,
				FA358D6A1B00D7DD00D675DA /* icon80x80.png */,
				FA358D6B1B00D7DD00D675DA /* icon120x120.png */,
				C80796FD1B006A280015189C /* icon58x58.png */,
				C8B7424D1AFB870F0026FACD /* arrowdown.png */,
				C8B742491AFB755D0026FACD /* DOSAGE.jpg */,
				C8B742411AFB71060026FACD /* Btnback.png */,
				C8B742421AFB71060026FACD /* BtnCalDosg.png */,
				C8B742431AFB71060026FACD /* BtnRecal.png */,
				C8B742371AFB672F0026FACD /* Donebtn.png */,
				C8B742331AFB66540026FACD /* txt.png */,
				C8FE99561A42CDE100FAA68B /* Btncalamonex.png */,
			);
			name = images;
			sourceTree = "<group>";
		};
/* End PBXGroup section */

/* Begin PBXNativeTarget section */
		C83EB52B1A3709340048941B /* DosageCalculator */ = {
			isa = PBXNativeTarget;
			buildConfigurationList = C83EB54F1A3709340048941B /* Build configuration list for PBXNativeTarget "DosageCalculator" */;
			buildPhases = (
				C83EB5281A3709340048941B /* Sources */,
				C83EB5291A3709340048941B /* Frameworks */,
				C83EB52A1A3709340048941B /* Resources */,
			);
			buildRules = (
			);
			dependencies = (
			);
			name = DosageCalculator;
			productName = DosageCalculator;
			productReference = C83EB52C1A3709340048941B /* DosageCalculator.app */;
			productType = "com.apple.product-type.application";
		};
		C83EB5441A3709340048941B /* DosageCalculatorTests */ = {
			isa = PBXNativeTarget;
			buildConfigurationList = C83EB5521A3709340048941B /* Build configuration list for PBXNativeTarget "DosageCalculatorTests" */;
			buildPhases = (
				C83EB5411A3709340048941B /* Sources */,
				C83EB5421A3709340048941B /* Frameworks */,
				C83EB5431A3709340048941B /* Resources */,
			);
			buildRules = (
			);
			dependencies = (
				C83EB5471A3709340048941B /* PBXTargetDependency */,
			);
			name = DosageCalculatorTests;
			productName = DosageCalculatorTests;
			productReference = C83EB5451A3709340048941B /* DosageCalculatorTests.xctest */;
			productType = "com.apple.product-type.bundle.unit-test";
		};
/* End PBXNativeTarget section */

/* Begin PBXProject section */
		C83EB5241A3709340048941B /* Project object */ = {
			isa = PBXProject;
			attributes = {
				LastUpgradeCheck = 0640;
				ORGANIZATIONNAME = highland;
				TargetAttributes = {
					C83EB52B1A3709340048941B = {
						CreatedOnToolsVersion = 6.1;
						DevelopmentTeam = 7V626KV38G;
					};
					C83EB5441A3709340048941B = {
						CreatedOnToolsVersion = 6.1;
						DevelopmentTeam = 7V626KV38G;
						TestTargetID = C83EB52B1A3709340048941B;
					};
				};
			};
			buildConfigurationList = C83EB5271A3709340048941B /* Build configuration list for PBXProject "DosageCalculator" */;
			compatibilityVersion = "Xcode 3.2";
			developmentRegion = English;
			hasScannedForEncodings = 0;
			knownRegions = (
				en,
				Base,
			);
			mainGroup = C83EB5231A3709340048941B;
			productRefGroup = C83EB52D1A3709340048941B /* Products */;
			projectDirPath = "";
			projectRoot = "";
			targets = (
				C83EB52B1A3709340048941B /* DosageCalculator */,
				C83EB5441A3709340048941B /* DosageCalculatorTests */,
			);
		};
/* End PBXProject section */

/* Begin PBXResourcesBuildPhase section */
		C83EB52A1A3709340048941B /* Resources */ = {
			isa = PBXResourcesBuildPhase;
			buildActionMask = 2147483647;
			files = (
				FA358D6D1B00D7DD00D675DA /* icon120x120.png in Resources */,
				C8274EC81B29681E00545FBE /* MailACT.png in Resources */,
				FA358D6C1B00D7DD00D675DA /* icon80x80.png in Resources */,
				FA358D711B00DA6200D675DA /* bg.png in Resources */,
				C8274EC61B2966D600545FBE /* Storyboard.storyboard in Resources */,
				C898DB191A4182010035315A /* Images-4.xcassets in Resources */,
				C8FE99571A42CDE100FAA68B /* Btncalamonex.png in Resources */,
				FA358D7A1B00E7F300D675DA /* Launch Screen.xib in Resources */,
				C83EB53B1A3709340048941B /* Main.storyboard in Resources */,
				C83EB5561A370A440048941B /* arrow-down.png in Resources */,
				C8B742341AFB66540026FACD /* txt.png in Resources */,
				C8D467AC1B299E2400080DD2 /* MainStoryboard.storyboard in Resources */,
				C8939D751B04A3DC003A69D6 /* SplashScn.png in Resources */,
				C8B742451AFB71060026FACD /* BtnCalDosg.png in Resources */,
				C8274ECF1B298D9700545FBE /* SplashScn750*1334.png in Resources */,
				C8D467AE1B29A11300080DD2 /* Backgroud375*667.png in Resources */,
				C8B7424E1AFB870F0026FACD /* arrowdown.png in Resources */,
				C8274ED01B298D9700545FBE /* SplashScn1242*2208.png in Resources */,
				C80797001B006A280015189C /* icon58x58.png in Resources */,
				C8274ECE1B298D9700545FBE /* SplashScn640*960.png in Resources */,
				C8B7424A1AFB755D0026FACD /* DOSAGE.jpg in Resources */,
				C8B742461AFB71060026FACD /* BtnRecal.png in Resources */,
				C8274ECD1B298D9700545FBE /* SplashScn320*480.png in Resources */,
				C8B742381AFB67300026FACD /* Donebtn.png in Resources */,
				FA358D6F1B00D98300D675DA /* Backgroud.png in Resources */,
				C8B742441AFB71060026FACD /* Btnback.png in Resources */,
			);
			runOnlyForDeploymentPostprocessing = 0;
		};
		C83EB5431A3709340048941B /* Resources */ = {
			isa = PBXResourcesBuildPhase;
			buildActionMask = 2147483647;
			files = (
			);
			runOnlyForDeploymentPostprocessing = 0;
		};
/* End PBXResourcesBuildPhase section */

/* Begin PBXSourcesBuildPhase section */
		C83EB5281A3709340048941B /* Sources */ = {
			isa = PBXSourcesBuildPhase;
			buildActionMask = 2147483647;
			files = (
				C83EB5381A3709340048941B /* ViewController.m in Sources */,
				C898DAF41A4144F00035315A /* DosageValue.m in Sources */,
				C89CBDF41A43FBD900999D13 /* Registration.m in Sources */,
				C83EB5351A3709340048941B /* AppDelegate.m in Sources */,
				C83EB5321A3709340048941B /* main.m in Sources */,
				C89B999B1A6F7607000632ED /* ActivationClass.m in Sources */,
				C83EB5631A370AAF0048941B /* DosageuserMatchlist.m in Sources */,
			);
			runOnlyForDeploymentPostprocessing = 0;
		};
		C83EB5411A3709340048941B /* Sources */ = {
			isa = PBXSourcesBuildPhase;
			buildActionMask = 2147483647;
			files = (
				C83EB54C1A3709340048941B /* DosageCalculatorTests.m in Sources */,
			);
			runOnlyForDeploymentPostprocessing = 0;
		};
/* End PBXSourcesBuildPhase section */

/* Begin PBXTargetDependency section */
		C83EB5471A3709340048941B /* PBXTargetDependency */ = {
			isa = PBXTargetDependency;
			target = C83EB52B1A3709340048941B /* DosageCalculator */;
			targetProxy = C83EB5461A3709340048941B /* PBXContainerItemProxy */;
		};
/* End PBXTargetDependency section */

/* Begin PBXVariantGroup section */
		C83EB5391A3709340048941B /* Main.storyboard */ = {
			isa = PBXVariantGroup;
			children = (
				C83EB53A1A3709340048941B /* Base */,
			);
			name = Main.storyboard;
			sourceTree = "<group>";
		};
/* End PBXVariantGroup section */

/* Begin XCBuildConfiguration section */
		C83EB54D1A3709340048941B /* Debug */ = {
			isa = XCBuildConfiguration;
			buildSettings = {
				ALWAYS_SEARCH_USER_PATHS = NO;
				CLANG_CXX_LANGUAGE_STANDARD = "gnu++0x";
				CLANG_CXX_LIBRARY = "libc++";
				CLANG_ENABLE_MODULES = YES;
				CLANG_ENABLE_OBJC_ARC = YES;
				CLANG_WARN_BOOL_CONVERSION = YES;
				CLANG_WARN_CONSTANT_CONVERSION = YES;
				CLANG_WARN_DIRECT_OBJC_ISA_USAGE = YES_ERROR;
				CLANG_WARN_EMPTY_BODY = YES;
				CLANG_WARN_ENUM_CONVERSION = YES;
				CLANG_WARN_INT_CONVERSION = YES;
				CLANG_WARN_OBJC_ROOT_CLASS = YES_ERROR;
				CLANG_WARN_UNREACHABLE_CODE = YES;
				CLANG_WARN__DUPLICATE_METHOD_MATCH = YES;
				CODE_SIGN_IDENTITY = "iPhone Developer";
				"CODE_SIGN_IDENTITY[sdk=iphoneos*]" = "iPhone Developer";
				COPY_PHASE_STRIP = NO;
				ENABLE_STRICT_OBJC_MSGSEND = YES;
				GCC_C_LANGUAGE_STANDARD = gnu99;
				GCC_DYNAMIC_NO_PIC = NO;
				GCC_OPTIMIZATION_LEVEL = 0;
				GCC_PREPROCESSOR_DEFINITIONS = (
					"DEBUG=1",
					"$(inherited)",
				);
				GCC_SYMBOLS_PRIVATE_EXTERN = NO;
				GCC_WARN_64_TO_32_BIT_CONVERSION = YES;
				GCC_WARN_ABOUT_RETURN_TYPE = YES_ERROR;
				GCC_WARN_UNDECLARED_SELECTOR = YES;
				GCC_WARN_UNINITIALIZED_AUTOS = YES_AGGRESSIVE;
				GCC_WARN_UNUSED_FUNCTION = YES;
				GCC_WARN_UNUSED_VARIABLE = YES;
				IPHONEOS_DEPLOYMENT_TARGET = 8.4;
				MTL_ENABLE_DEBUG_INFO = YES;
				ONLY_ACTIVE_ARCH = YES;
				PROVISIONING_PROFILE = "8f62b064-6806-449c-8d08-decee9ae55eb";
				SDKROOT = iphoneos;
				VALIDATE_PRODUCT = YES;
			};
			name = Debug;
		};
		C83EB54E1A3709340048941B /* Release */ = {
			isa = XCBuildConfiguration;
			buildSettings = {
				ALWAYS_SEARCH_USER_PATHS = NO;
				CLANG_CXX_LANGUAGE_STANDARD = "gnu++0x";
				CLANG_CXX_LIBRARY = "libc++";
				CLANG_ENABLE_MODULES = YES;
				CLANG_ENABLE_OBJC_ARC = YES;
				CLANG_WARN_BOOL_CONVERSION = YES;
				CLANG_WARN_CONSTANT_CONVERSION = YES;
				CLANG_WARN_DIRECT_OBJC_ISA_USAGE = YES_ERROR;
				CLANG_WARN_EMPTY_BODY = YES;
				CLANG_WARN_ENUM_CONVERSION = YES;
				CLANG_WARN_INT_CONVERSION = YES;
				CLANG_WARN_OBJC_ROOT_CLASS = YES_ERROR;
				CLANG_WARN_UNREACHABLE_CODE = YES;
				CLANG_WARN__DUPLICATE_METHOD_MATCH = YES;
				CODE_SIGN_IDENTITY = "iPhone Developer: Arun Rajesh (FLABJWXEU5)";
				"CODE_SIGN_IDENTITY[sdk=iphoneos*]" = "iPhone Developer: Arun Rajesh (FLABJWXEU5)";
				COPY_PHASE_STRIP = YES;
				ENABLE_NS_ASSERTIONS = NO;
				ENABLE_STRICT_OBJC_MSGSEND = YES;
				GCC_C_LANGUAGE_STANDARD = gnu99;
				GCC_WARN_64_TO_32_BIT_CONVERSION = YES;
				GCC_WARN_ABOUT_RETURN_TYPE = YES_ERROR;
				GCC_WARN_UNDECLARED_SELECTOR = YES;
				GCC_WARN_UNINITIALIZED_AUTOS = YES_AGGRESSIVE;
				GCC_WARN_UNUSED_FUNCTION = YES;
				GCC_WARN_UNUSED_VARIABLE = YES;
				IPHONEOS_DEPLOYMENT_TARGET = 8.4;
				MTL_ENABLE_DEBUG_INFO = NO;
				PROVISIONING_PROFILE = "8f62b064-6806-449c-8d08-decee9ae55eb";
				SDKROOT = iphoneos;
				VALIDATE_PRODUCT = YES;
			};
			name = Release;
		};
		C83EB5501A3709340048941B /* Debug */ = {
			isa = XCBuildConfiguration;
			buildSettings = {
				ASSETCATALOG_COMPILER_APPICON_NAME = "AppIcon-2";
				ASSETCATALOG_COMPILER_LAUNCHIMAGE_NAME = "LaunchImage-2";
				CODE_SIGN_IDENTITY = "iPhone Developer: Arun Rajesh (FLABJWXEU5)";
				"CODE_SIGN_IDENTITY[sdk=*]" = "iPhone Developer";
				"CODE_SIGN_IDENTITY[sdk=iphoneos*]" = "iPhone Developer";
				INFOPLIST_FILE = DosageCalculator/Info.plist;
				IPHONEOS_DEPLOYMENT_TARGET = 8.4;
				LD_RUNPATH_SEARCH_PATHS = "$(inherited) @executable_path/Frameworks";
				ONLY_ACTIVE_ARCH = YES;
				PRODUCT_NAME = "$(TARGET_NAME)";
				PROVISIONING_PROFILE = "";
				SDKROOT = iphoneos;
				TARGETED_DEVICE_FAMILY = 1;
			};
			name = Debug;
		};
		C83EB5511A3709340048941B /* Release */ = {
			isa = XCBuildConfiguration;
			buildSettings = {
				ASSETCATALOG_COMPILER_APPICON_NAME = "AppIcon-2";
				ASSETCATALOG_COMPILER_LAUNCHIMAGE_NAME = "LaunchImage-2";
				CODE_SIGN_IDENTITY = "iPhone Developer: Arun Rajesh (FLABJWXEU5)";
				"CODE_SIGN_IDENTITY[sdk=iphoneos*]" = "iPhone Developer: Arun Rajesh (FLABJWXEU5)";
				INFOPLIST_FILE = DosageCalculator/Info.plist;
				IPHONEOS_DEPLOYMENT_TARGET = 8.4;
				LD_RUNPATH_SEARCH_PATHS = "$(inherited) @executable_path/Frameworks";
				ONLY_ACTIVE_ARCH = NO;
				PRODUCT_NAME = "$(TARGET_NAME)";
				PROVISIONING_PROFILE = "";
				SDKROOT = iphoneos;
				TARGETED_DEVICE_FAMILY = 1;
			};
			name = Release;
		};
		C83EB5531A3709340048941B /* Debug */ = {
			isa = XCBuildConfiguration;
			buildSettings = {
				BUNDLE_LOADER = "$(TEST_HOST)";
				CODE_SIGN_IDENTITY = "iPhone Developer";
				"CODE_SIGN_IDENTITY[sdk=iphoneos*]" = "iPhone Developer";
				FRAMEWORK_SEARCH_PATHS = (
					"$(SDKROOT)/Developer/Library/Frameworks",
					"$(inherited)",
				);
				GCC_PREPROCESSOR_DEFINITIONS = (
					"DEBUG=1",
					"$(inherited)",
				);
				INFOPLIST_FILE = DosageCalculatorTests/Info.plist;
				LD_RUNPATH_SEARCH_PATHS = "$(inherited) @executable_path/Frameworks @loader_path/Frameworks";
				PRODUCT_NAME = "$(TARGET_NAME)";
				PROVISIONING_PROFILE = "";
				TEST_HOST = "$(BUILT_PRODUCTS_DIR)/DosageCalculator.app/DosageCalculator";
			};
			name = Debug;
		};
		C83EB5541A3709340048941B /* Release */ = {
			isa = XCBuildConfiguration;
			buildSettings = {
				BUNDLE_LOADER = "$(TEST_HOST)";
				CODE_SIGN_IDENTITY = "iPhone Developer";
				"CODE_SIGN_IDENTITY[sdk=iphoneos*]" = "iPhone Developer";
				FRAMEWORK_SEARCH_PATHS = (
					"$(SDKROOT)/Developer/Library/Frameworks",
					"$(inherited)",
				);
				INFOPLIST_FILE = DosageCalculatorTests/Info.plist;
				LD_RUNPATH_SEARCH_PATHS = "$(inherited) @executable_path/Frameworks @loader_path/Frameworks";
				PRODUCT_NAME = "$(TARGET_NAME)";
				PROVISIONING_PROFILE = "";
				TEST_HOST = "$(BUILT_PRODUCTS_DIR)/DosageCalculator.app/DosageCalculator";
			};
			name = Release;
		};
/* End XCBuildConfiguration section */

/* Begin XCConfigurationList section */
		C83EB5271A3709340048941B /* Build configuration list for PBXProject "DosageCalculator" */ = {
			isa = XCConfigurationList;
			buildConfigurations = (
				C83EB54D1A3709340048941B /* Debug */,
				C83EB54E1A3709340048941B /* Release */,
			);
			defaultConfigurationIsVisible = 0;
			defaultConfigurationName = Release;
		};
		C83EB54F1A3709340048941B /* Build configuration list for PBXNativeTarget "DosageCalculator" */ = {
			isa = XCConfigurationList;
			buildConfigurations = (
				C83EB5501A3709340048941B /* Debug */,
				C83EB5511A3709340048941B /* Release */,
			);
			defaultConfigurationIsVisible = 0;
			defaultConfigurationName = Release;
		};
		C83EB5521A3709340048941B /* Build configuration list for PBXNativeTarget "DosageCalculatorTests" */ = {
			isa = XCConfigurationList;
			buildConfigurations = (
				C83EB5531A3709340048941B /* Debug */,
				C83EB5541A3709340048941B /* Release */,
			);
			defaultConfigurationIsVisible = 0;
			defaultConfigurationName = Release;
		};
/* End XCConfigurationList section */
	};
	rootObject = C83EB5241A3709340048941B /* Project object */;
}
