// !$*UTF8*$!
{
	archiveVersion = 1;
	classes = {
	};
	objectVersion = 46;
	objects = {

/* Begin PBXBuildFile section */
		C83EB5321A3709340048941B /* main.m in Sources */ = {isa = PBXBuildFile; fileRef = C83EB5311A3709340048941B /* main.m */; };
		C83EB5351A3709340048941B /* AppDelegate.m in Sources */ = {isa = PBXBuildFile; fileRef = C83EB5341A3709340048941B /* AppDelegate.m */; };
		C83EB5381A3709340048941B /* ViewController.m in Sources */ = {isa = PBXBuildFile; fileRef = C83EB5371A3709340048941B /* ViewController.m */; };
		C83EB53B1A3709340048941B /* Main.storyboard in Resources */ = {isa = PBXBuildFile; fileRef = C83EB5391A3709340048941B /* Main.storyboard */; };
		C83EB53D1A3709340048941B /* Images.xcassets in Resources */ = {isa = PBXBuildFile; fileRef = C83EB53C1A3709340048941B /* Images.xcassets */; };
		C83EB5401A3709340048941B /* LaunchScreen.xib in Resources */ = {isa = PBXBuildFile; fileRef = C83EB53E1A3709340048941B /* LaunchScreen.xib */; };
		C83EB54C1A3709340048941B /* DosageCalculatorTests.m in Sources */ = {isa = PBXBuildFile; fileRef = C83EB54B1A3709340048941B /* DosageCalculatorTests.m */; };
/* End PBXBuildFile section */

/* Begin PBXContainerItemProxy section */
		C83EB5461A3709340048941B /* PBXContainerItemProxy */ = {
			isa = PBXContainerItemProxy;
			containerPortal = C83EB5241A3709340048941B /* Project object */;
			proxyType = 1;
			remoteGlobalIDString = C83EB52B1A3709340048941B;
			remoteInfo = DosageCalculator;
		};
/* End PBXContainerItemProxy section */

/* Begin PBXFileReference section */
		C83EB52C1A3709340048941B /* DosageCalculator.app */ = {isa = PBXFileReference; explicitFileType = wrapper.application; includeInIndex = 0; path = DosageCalculator.app; sourceTree = BUILT_PRODUCTS_DIR; };
		C83EB5301A3709340048941B /* Info.plist */ = {isa = PBXFileReference; lastKnownFileType = text.plist.xml; path = Info.plist; sourceTree = "<group>"; };
		C83EB5311A3709340048941B /* main.m */ = {isa = PBXFileReference; lastKnownFileType = sourcecode.c.objc; path = main.m; sourceTree = "<group>"; };
		C83EB5331A3709340048941B /* AppDelegate.h */ = {isa = PBXFileReference; lastKnownFileType = sourcecode.c.h; path = AppDelegate.h; sourceTree = "<group>"; };
		C83EB5341A3709340048941B /* AppDelegate.m */ = {isa = PBXFileReference; lastKnownFileType = sourcecode.c.objc; path = AppDelegate.m; sourceTree = "<group>"; };
		C83EB5361A3709340048941B /* ViewController.h */ = {isa = PBXFileReference; lastKnownFileType = sourcecode.c.h; path = ViewController.h; sourceTree = "<group>"; };
		C83EB5371A3709340048941B /* ViewController.m */ = {isa = PBXFileReference; lastKnownFileType = sourcecode.c.objc; path = ViewController.m; sourceTree = "<group>"; };
		C83EB53A1A3709340048941B /* Base */ = {isa = PBXFileReference; lastKnownFileType = file.storyboard; name = Base; path = Base.lproj/Main.storyboard; sourceTree = "<group>"; };
		C83EB53C1A3709340048941B /* Images.xcassets */ = {isa = PBXFileReference; lastKnownFileType = folder.assetcatalog; path = Images.xcassets; sourceTree = "<group>"; };
		C83EB53F1A3709340048941B /* Base */ = {isa = PBXFileReference; lastKnownFileType = file.xib; name = Base; path = Base.lproj/LaunchScreen.xib; sourceTree = "<group>"; };
		C83EB5451A3709340048941B /* DosageCalculatorTests.xctest */ = {isa = PBXFileReference; explicitFileType = wrapper.cfbundle; includeInIndex = 0; path = DosageCalculatorTests.xctest; sourceTree = BUILT_PRODUCTS_DIR; };
		C83EB54A1A3709340048941B /* Info.plist */ = {isa = PBXFileReference; lastKnownFileType = text.plist.xml; path = Info.plist; sourceTree = "<group>"; };
		C83EB54B1A3709340048941B /* DosageCalculatorTests.m */ = {isa = PBXFileReference; lastKnownFileType = sourcecode.c.objc; path = DosageCalculatorTests.m; sourceTree = "<group>"; };
/* End PBXFileReference section */

/* Begin PBXFrameworksBuildPhase section */
		C83EB5291A3709340048941B /* Frameworks */ = {
			isa = PBXFrameworksBuildPhase;
			buildActionMask = 2147483647;
			files = (
			);
			runOnlyForDeploymentPostprocessing = 0;
		};
		C83EB5421A3709340048941B /* Frameworks */ = {
			isa = PBXFrameworksBuildPhase;
			buildActionMask = 2147483647;
			files = (
			);
			runOnlyForDeploymentPostprocessing = 0;
		};
/* End PBXFrameworksBuildPhase section */

/* Begin PBXGroup section */
		C83EB5231A3709340048941B = {
			isa = PBXGroup;
			children = (
				C83EB52E1A3709340048941B /* DosageCalculator */,
				C83EB5481A3709340048941B /* DosageCalculatorTests */,
				C83EB52D1A3709340048941B /* Products */,
			);
			sourceTree = "<group>";
		};
		C83EB52D1A3709340048941B /* Products */ = {
			isa = PBXGroup;
			children = (
				C83EB52C1A3709340048941B /* DosageCalculator.app */,
				C83EB5451A3709340048941B /* DosageCalculatorTests.xctest */,
			);
			name = Products;
			sourceTree = "<group>";
		};
		C83EB52E1A3709340048941B /* DosageCalculator */ = {
			isa = PBXGroup;
			children = (
				C83EB5331A3709340048941B /* AppDelegate.h */,
				C83EB5341A3709340048941B /* AppDelegate.m */,
				C83EB5361A3709340048941B /* ViewController.h */,
				C83EB5371A3709340048941B /* ViewController.m */,
				C83EB5391A3709340048941B /* Main.storyboard */,
				C83EB53C1A3709340048941B /* Images.xcassets */,
				C83EB53E1A3709340048941B /* LaunchScreen.xib */,
				C83EB52F1A3709340048941B /* Supporting Files */,
			);
			path = DosageCalculator;
			sourceTree = "<group>";
		};
		C83EB52F1A3709340048941B /* Supporting Files */ = {
			isa = PBXGroup;
			children = (
				C83EB5301A3709340048941B /* Info.plist */,
				C83EB5311A3709340048941B /* main.m */,
			);
			name = "Supporting Files";
			sourceTree = "<group>";
		};
		C83EB5481A3709340048941B /* DosageCalculatorTests */ = {
			isa = PBXGroup;
			children = (
				C83EB54B1A3709340048941B /* DosageCalculatorTests.m */,
				C83EB5491A3709340048941B /* Supporting Files */,
			);
			path = DosageCalculatorTests;
			sourceTree = "<group>";
		};
		C83EB5491A3709340048941B /* Supporting Files */ = {
			isa = PBXGroup;
			children = (
				C83EB54A1A3709340048941B /* Info.plist */,
			);
			name = "Supporting Files";
			sourceTree = "<group>";
		};
/* End PBXGroup section */

/* Begin PBXNativeTarget section */
		C83EB52B1A3709340048941B /* DosageCalculator */ = {
			isa = PBXNativeTarget;
			buildConfigurationList = C83EB54F1A3709340048941B /* Build configuration list for PBXNativeTarget "DosageCalculator" */;
			buildPhases = (
				C83EB5281A3709340048941B /* Sources */,
				C83EB5291A3709340048941B /* Frameworks */,
				C83EB52A1A3709340048941B /* Resources */,
			);
			buildRules = (
			);
			dependencies = (
			);
			name = DosageCalculator;
			productName = DosageCalculator;
			productReference = C83EB52C1A3709340048941B /* DosageCalculator.app */;
			productType = "com.apple.product-type.application";
		};
		C83EB5441A3709340048941B /* DosageCalculatorTests */ = {
			isa = PBXNativeTarget;
			buildConfigurationList = C83EB5521A3709340048941B /* Build configuration list for PBXNativeTarget "DosageCalculatorTests" */;
			buildPhases = (
				C83EB5411A3709340048941B /* Sources */,
				C83EB5421A3709340048941B /* Frameworks */,
				C83EB5431A3709340048941B /* Resources */,
			);
			buildRules = (
			);
			dependencies = (
				C83EB5471A3709340048941B /* PBXTargetDependency */,
			);
			name = DosageCalculatorTests;
			productName = DosageCalculatorTests;
			productReference = C83EB5451A3709340048941B /* DosageCalculatorTests.xctest */;
			productType = "com.apple.product-type.bundle.unit-test";
		};
/* End PBXNativeTarget section */

/* Begin PBXProject section */
		C83EB5241A3709340048941B /* Project object */ = {
			isa = PBXProject;
			attributes = {
				LastUpgradeCheck = 0610;
				ORGANIZATIONNAME = highland;
				TargetAttributes = {
					C83EB52B1A3709340048941B = {
						CreatedOnToolsVersion = 6.1;
					};
					C83EB5441A3709340048941B = {
						CreatedOnToolsVersion = 6.1;
						TestTargetID = C83EB52B1A3709340048941B;
					};
				};
			};
			buildConfigurationList = C83EB5271A3709340048941B /* Build configuration list for PBXProject "DosageCalculator" */;
			compatibilityVersion = "Xcode 3.2";
			developmentRegion = English;
			hasScannedForEncodings = 0;
			knownRegions = (
				en,
				Base,
			);
			mainGroup = C83EB5231A3709340048941B;
			productRefGroup = C83EB52D1A3709340048941B /* Products */;
			projectDirPath = "";
			projectRoot = "";
			targets = (
				C83EB52B1A3709340048941B /* DosageCalculator */,
				C83EB5441A3709340048941B /* DosageCalculatorTests */,
			);
		};
/* End PBXProject section */

/* Begin PBXResourcesBuildPhase section */
		C83EB52A1A3709340048941B /* Resources */ = {
			isa = PBXResourcesBuildPhase;
			buildActionMask = 2147483647;
			files = (
				C83EB53B1A3709340048941B /* Main.storyboard in Resources */,
				C83EB5401A3709340048941B /* LaunchScreen.xib in Resources */,
				C83EB53D1A3709340048941B /* Images.xcassets in Resources */,
			);
			runOnlyForDeploymentPostprocessing = 0;
		};
		C83EB5431A3709340048941B /* Resources */ = {
			isa = PBXResourcesBuildPhase;
			buildActionMask = 2147483647;
			files = (
			);
			runOnlyForDeploymentPostprocessing = 0;
		};
/* End PBXResourcesBuildPhase section */

/* Begin PBXSourcesBuildPhase section */
		C83EB5281A3709340048941B /* Sources */ = {
			isa = PBXSourcesBuildPhase;
			buildActionMask = 2147483647;
			files = (
				C83EB5381A3709340048941B /* ViewController.m in Sources */,
				C83EB5351A3709340048941B /* AppDelegate.m in Sources */,
				C83EB5321A3709340048941B /* main.m in Sources */,
			);
			runOnlyForDeploymentPostprocessing = 0;
		};
		C83EB5411A3709340048941B /* Sources */ = {
			isa = PBXSourcesBuildPhase;
			buildActionMask = 2147483647;
			files = (
				C83EB54C1A3709340048941B /* DosageCalculatorTests.m in Sources */,
			);
			runOnlyForDeploymentPostprocessing = 0;
		};
/* End PBXSourcesBuildPhase section */

/* Begin PBXTargetDependency section */
		C83EB5471A3709340048941B /* PBXTargetDependency */ = {
			isa = PBXTargetDependency;
			target = C83EB52B1A3709340048941B /* DosageCalculator */;
			targetProxy = C83EB5461A3709340048941B /* PBXContainerItemProxy */;
		};
/* End PBXTargetDependency section */

/* Begin PBXVariantGroup section */
		C83EB5391A3709340048941B /* Main.storyboard */ = {
			isa = PBXVariantGroup;
			children = (
				C83EB53A1A3709340048941B /* Base */,
			);
			name = Main.storyboard;
			sourceTree = "<group>";
		};
		C83EB53E1A3709340048941B /* LaunchScreen.xib */ = {
			isa = PBXVariantGroup;
			children = (
				C83EB53F1A3709340048941B /* Base */,
			);
			name = LaunchScreen.xib;
			sourceTree = "<group>";
		};
/* End PBXVariantGroup section */

/* Begin XCBuildConfiguration section */
		C83EB54D1A3709340048941B /* Debug */ = {
			isa = XCBuildConfiguration;
			buildSettings = {
				ALWAYS_SEARCH_USER_PATHS = NO;
				CLANG_CXX_LANGUAGE_STANDARD = "gnu++0x";
				CLANG_CXX_LIBRARY = "libc++";
				CLANG_ENABLE_MODULES = YES;
				CLANG_ENABLE_OBJC_ARC = YES;
				CLANG_WARN_BOOL_CONVERSION = YES;
				CLANG_WARN_CONSTANT_CONVERSION = YES;
				CLANG_WARN_DIRECT_OBJC_ISA_USAGE = YES_ERROR;
				CLANG_WARN_EMPTY_BODY = YES;
				CLANG_WARN_ENUM_CONVERSION = YES;
				CLANG_WARN_INT_CONVERSION = YES;
				CLANG_WARN_OBJC_ROOT_CLASS = YES_ERROR;
				CLANG_WARN_UNREACHABLE_CODE = YES;
				CLANG_WARN__DUPLICATE_METHOD_MATCH = YES;
				"CODE_SIGN_IDENTITY[sdk=iphoneos*]" = "iPhone Developer";
				COPY_PHASE_STRIP = NO;
				ENABLE_STRICT_OBJC_MSGSEND = YES;
				GCC_C_LANGUAGE_STANDARD = gnu99;
				GCC_DYNAMIC_NO_PIC = NO;
				GCC_OPTIMIZATION_LEVEL = 0;
				GCC_PREPROCESSOR_DEFINITIONS = (
					"DEBUG=1",
					"$(inherited)",
				);
				GCC_SYMBOLS_PRIVATE_EXTERN = NO;
				GCC_WARN_64_TO_32_BIT_CONVERSION = YES;
				GCC_WARN_ABOUT_RETURN_TYPE = YES_ERROR;
				GCC_WARN_UNDECLARED_SELECTOR = YES;
				GCC_WARN_UNINITIALIZED_AUTOS = YES_AGGRESSIVE;
				GCC_WARN_UNUSED_FUNCTION = YES;
				GCC_WARN_UNUSED_VARIABLE = YES;
				IPHONEOS_DEPLOYMENT_TARGET = 8.1;
				MTL_ENABLE_DEBUG_INFO = YES;
				ONLY_ACTIVE_ARCH = YES;
				SDKROOT = iphoneos;
			};
			name = Debug;
		};
		C83EB54E1A3709340048941B /* Release */ = {
			isa = XCBuildConfiguration;
			buildSettings = {
				ALWAYS_SEARCH_USER_PATHS = NO;
				CLANG_CXX_LANGUAGE_STANDARD = "gnu++0x";
				CLANG_CXX_LIBRARY = "libc++";
				CLANG_ENABLE_MODULES = YES;
				CLANG_ENABLE_OBJC_ARC = YES;
				CLANG_WARN_BOOL_CONVERSION = YES;
				CLANG_WARN_CONSTANT_CONVERSION = YES;
				CLANG_WARN_DIRECT_OBJC_ISA_USAGE = YES_ERROR;
				CLANG_WARN_EMPTY_BODY = YES;
				CLANG_WARN_ENUM_CONVERSION = YES;
				CLANG_WARN_INT_CONVERSION = YES;
				CLANG_WARN_OBJC_ROOT_CLASS = YES_ERROR;
				CLANG_WARN_UNREACHABLE_CODE = YES;
				CLANG_WARN__DUPLICATE_METHOD_MATCH = YES;
				"CODE_SIGN_IDENTITY[sdk=iphoneos*]" = "iPhone Developer";
				COPY_PHASE_STRIP = YES;
				ENABLE_NS_ASSERTIONS = NO;
				ENABLE_STRICT_OBJC_MSGSEND = YES;
				GCC_C_LANGUAGE_STANDARD = gnu99;
				GCC_WARN_64_TO_32_BIT_CONVERSION = YES;
				GCC_WARN_ABOUT_RETURN_TYPE = YES_ERROR;
				GCC_WARN_UNDECLARED_SELECTOR = YES;
				GCC_WARN_UNINITIALIZED_AUTOS = YES_AGGRESSIVE;
				GCC_WARN_UNUSED_FUNCTION = YES;
				GCC_WARN_UNUSED_VARIABLE = YES;
				IPHONEOS_DEPLOYMENT_TARGET = 8.1;
				MTL_ENABLE_DEBUG_INFO = NO;
				SDKROOT = iphoneos;
				VALIDATE_PRODUCT = YES;
			};
			name = Release;
		};
		C83EB5501A3709340048941B /* Debug */ = {
			isa = XCBuildConfiguration;
			buildSettings = {
				ASSETCATALOG_COMPILER_APPICON_NAME = AppIcon;
				INFOPLIST_FILE = DosageCalculator/Info.plist;
				LD_RUNPATH_SEARCH_PATHS = "$(inherited) @executable_path/Frameworks";
				PRODUCT_NAME = "$(TARGET_NAME)";
			};
			name = Debug;
		};
		C83EB5511A3709340048941B /* Release */ = {
			isa = XCBuildConfiguration;
			buildSettings = {
				ASSETCATALOG_COMPILER_APPICON_NAME = AppIcon;
				INFOPLIST_FILE = DosageCalculator/Info.plist;
				LD_RUNPATH_SEARCH_PATHS = "$(inherited) @executable_path/Frameworks";
				PRODUCT_NAME = "$(TARGET_NAME)";
			};
			name = Release;
		};
		C83EB5531A3709340048941B /* Debug */ = {
			isa = XCBuildConfiguration;
			buildSettings = {
				BUNDLE_LOADER = "$(TEST_HOST)";
				FRAMEWORK_SEARCH_PATHS = (
					"$(SDKROOT)/Developer/Library/Frameworks",
					"$(inherited)",
				);
				GCC_PREPROCESSOR_DEFINITIONS = (
					"DEBUG=1",
					"$(inherited)",
				);
				INFOPLIST_FILE = DosageCalculatorTests/Info.plist;
				LD_RUNPATH_SEARCH_PATHS = "$(inherited) @executable_path/Frameworks @loader_path/Frameworks";
				PRODUCT_NAME = "$(TARGET_NAME)";
				TEST_HOST = "$(BUILT_PRODUCTS_DIR)/DosageCalculator.app/DosageCalculator";
			};
			name = Debug;
		};
		C83EB5541A3709340048941B /* Release */ = {
			isa = XCBuildConfiguration;
			buildSettings = {
				BUNDLE_LOADER = "$(TEST_HOST)";
				FRAMEWORK_SEARCH_PATHS = (
					"$(SDKROOT)/Developer/Library/Frameworks",
					"$(inherited)",
				);
				INFOPLIST_FILE = DosageCalculatorTests/Info.plist;
				LD_RUNPATH_SEARCH_PATHS = "$(inherited) @executable_path/Frameworks @loader_path/Frameworks";
				PRODUCT_NAME = "$(TARGET_NAME)";
				TEST_HOST = "$(BUILT_PRODUCTS_DIR)/DosageCalculator.app/DosageCalculator";
			};
			name = Release;
		};
/* End XCBuildConfiguration section */

/* Begin XCConfigurationList section */
		C83EB5271A3709340048941B /* Build configuration list for PBXProject "DosageCalculator" */ = {
			isa = XCConfigurationList;
			buildConfigurations = (
				C83EB54D1A3709340048941B /* Debug */,
				C83EB54E1A3709340048941B /* Release */,
			);
			defaultConfigurationIsVisible = 0;
			defaultConfigurationName = Release;
		};
		C83EB54F1A3709340048941B /* Build configuration list for PBXNativeTarget "DosageCalculator" */ = {
			isa = XCConfigurationList;
			buildConfigurations = (
				C83EB5501A3709340048941B /* Debug */,
				C83EB5511A3709340048941B /* Release */,
			);
			defaultConfigurationIsVisible = 0;
		};
		C83EB5521A3709340048941B /* Build configuration list for PBXNativeTarget "DosageCalculatorTests" */ = {
			isa = XCConfigurationList;
			buildConfigurations = (
				C83EB5531A3709340048941B /* Debug */,
				C83EB5541A3709340048941B /* Release */,
			);
			defaultConfigurationIsVisible = 0;
		};
/* End XCConfigurationList section */
	};
	rootObject = C83EB5241A3709340048941B /* Project object */;
}
